
Microsoft Visual Studio Solution File, Format Version 12.00
# Visual Studio Version 16
VisualStudioVersion = 16.0.31205.134
MinimumVisualStudioVersion = 10.0.40219.1
Project("{FAE04EC0-301F-11D3-BF4B-00C04F79EFBC}") = "StudentRegistration", "StudentRegistration.csproj", "{FD8EFAB3-3AA1-4FDD-9B7A-A3D9B36CADE3}"
EndProject
Global
	GlobalSection(SolutionConfigurationPlatforms) = preSolution
		Debug|Any CPU = Debug|Any CPU
		Release|Any CPU = Release|Any CPU
	EndGlobalSection
	GlobalSection(ProjectConfigurationPlatforms) = postSolution
		{FD8EFAB3-3AA1-4FDD-9B7A-A3D9B36CADE3}.Debug|Any CPU.ActiveCfg = Debug|Any CPU
		{FD8EFAB3-3AA1-4FDD-9B7A-A3D9B36CADE3}.Debug|Any CPU.Build.0 = Debug|Any CPU
		{FD8EFAB3-3AA1-4FDD-9B7A-A3D9B36CADE3}.Release|Any CPU.ActiveCfg = Release|Any CPU
		{FD8EFAB3-3AA1-4FDD-9B7A-A3D9B36CADE3}.Release|Any CPU.Build.0 = Release|Any CPU
	EndGlobalSection
	GlobalSection(SolutionProperties) = preSolution
		HideSolutionNode = FALSE
	EndGlobalSection
	GlobalSection(ExtensibilityGlobals) = postSolution
		SolutionGuid = {F58F2A86-5076-43DC-89AC-457F6DA8240D}
	EndGlobalSection
EndGlobal
